
Microsoft Visual Studio Solution File, Format Version 12.00
# Visual Studio 2017
Project("{FAE04EC0-301F-11D3-BF4B-00C04F79EFBC}") = "Test Glops", "Test Glops.csproj", "{FE9256D1-295C-A794-E2DF-68EF4426C344}"
EndProject
Global
	GlobalSection(SolutionConfigurationPlatforms) = preSolution
		Debug|Any CPU = Debug|Any CPU
		Release|Any CPU = Release|Any CPU
	EndGlobalSection
	GlobalSection(ProjectConfigurationPlatforms) = postSolution
		{FE9256D1-295C-A794-E2DF-68EF4426C344}.Debug|Any CPU.ActiveCfg = Debug|Any CPU
		{FE9256D1-295C-A794-E2DF-68EF4426C344}.Debug|Any CPU.Build.0 = Debug|Any CPU
		{FE9256D1-295C-A794-E2DF-68EF4426C344}.Release|Any CPU.ActiveCfg = Release|Any CPU
		{FE9256D1-295C-A794-E2DF-68EF4426C344}.Release|Any CPU.Build.0 = Release|Any CPU
	EndGlobalSection
	GlobalSection(SolutionProperties) = preSolution
		HideSolutionNode = FALSE
	EndGlobalSection
EndGlobal
